
Microsoft Visual Studio Solution File, Format Version 12.00
# Visual Studio Version 17
VisualStudioVersion = 17.5.33530.505
MinimumVisualStudioVersion = 10.0.40219.1
Project("{9A19103F-16F7-4668-BE54-9A1E7A4F7556}") = "FinancialHelper.Core", "FinancialHelper\FinancialHelper.Core.csproj", "{395D4265-F2B4-48F5-BC82-3EBCA2B8786A}"
EndProject
Project("{FAE04EC0-301F-11D3-BF4B-00C04F79EFBC}") = "FinancialHelper.FastTester", "FinancialHelper.FastTester\FinancialHelper.FastTester.csproj", "{1AA8D601-BA90-47EF-AF6F-0EBF9BDBFFA8}"
EndProject
Global
	GlobalSection(SolutionConfigurationPlatforms) = preSolution
		Debug|Any CPU = Debug|Any CPU
		Release|Any CPU = Release|Any CPU
	EndGlobalSection
	GlobalSection(ProjectConfigurationPlatforms) = postSolution
		{395D4265-F2B4-48F5-BC82-3EBCA2B8786A}.Debug|Any CPU.ActiveCfg = Debug|Any CPU
		{395D4265-F2B4-48F5-BC82-3EBCA2B8786A}.Debug|Any CPU.Build.0 = Debug|Any CPU
		{395D4265-F2B4-48F5-BC82-3EBCA2B8786A}.Release|Any CPU.ActiveCfg = Release|Any CPU
		{395D4265-F2B4-48F5-BC82-3EBCA2B8786A}.Release|Any CPU.Build.0 = Release|Any CPU
		{1AA8D601-BA90-47EF-AF6F-0EBF9BDBFFA8}.Debug|Any CPU.ActiveCfg = Debug|Any CPU
		{1AA8D601-BA90-47EF-AF6F-0EBF9BDBFFA8}.Debug|Any CPU.Build.0 = Debug|Any CPU
		{1AA8D601-BA90-47EF-AF6F-0EBF9BDBFFA8}.Release|Any CPU.ActiveCfg = Release|Any CPU
		{1AA8D601-BA90-47EF-AF6F-0EBF9BDBFFA8}.Release|Any CPU.Build.0 = Release|Any CPU
	EndGlobalSection
	GlobalSection(SolutionProperties) = preSolution
		HideSolutionNode = FALSE
	EndGlobalSection
	GlobalSection(ExtensibilityGlobals) = postSolution
		SolutionGuid = {EA74B0B6-B3C5-4EAD-B017-F67CC0A3F369}
	EndGlobalSection
EndGlobal
